
Microsoft Visual Studio Solution File, Format Version 12.00
# Visual Studio 2013
VisualStudioVersion = 12.0.40629.0
MinimumVisualStudioVersion = 10.0.40219.1
Project("{8BC9CEB8-8B4A-11D0-8D11-00A0C91BC942}") = "cyborg battle", "cyborg battle\cyborg battle.vcxproj", "{34FD2F1D-11EF-448B-91BF-73257A811F8D}"
EndProject
Global
	GlobalSection(SolutionConfigurationPlatforms) = preSolution
		Debug|Win32 = Debug|Win32
		Release|Win32 = Release|Win32
	EndGlobalSection
	GlobalSection(ProjectConfigurationPlatforms) = postSolution
		{34FD2F1D-11EF-448B-91BF-73257A811F8D}.Debug|Win32.ActiveCfg = Debug|Win32
		{34FD2F1D-11EF-448B-91BF-73257A811F8D}.Debug|Win32.Build.0 = Debug|Win32
		{34FD2F1D-11EF-448B-91BF-73257A811F8D}.Release|Win32.ActiveCfg = Release|Win32
		{34FD2F1D-11EF-448B-91BF-73257A811F8D}.Release|Win32.Build.0 = Release|Win32
	EndGlobalSection
	GlobalSection(SolutionProperties) = preSolution
		HideSolutionNode = FALSE
	EndGlobalSection
EndGlobal
